
Microsoft Visual Studio Solution File, Format Version 12.00
# Visual Studio Version 16
VisualStudioVersion = 16.0.30907.101
MinimumVisualStudioVersion = 10.0.40219.1
Project("{9A19103F-16F7-4668-BE54-9A1E7A4F7556}") = "RmqTasking", "RmqTasking.csproj", "{C77B23C2-F5E1-4363-8926-C3A27276FE9E}"
EndProject
Global
	GlobalSection(SolutionConfigurationPlatforms) = preSolution
		Debug|Any CPU = Debug|Any CPU
		Release|Any CPU = Release|Any CPU
	EndGlobalSection
	GlobalSection(ProjectConfigurationPlatforms) = postSolution
		{C77B23C2-F5E1-4363-8926-C3A27276FE9E}.Debug|Any CPU.ActiveCfg = Debug|Any CPU
		{C77B23C2-F5E1-4363-8926-C3A27276FE9E}.Debug|Any CPU.Build.0 = Debug|Any CPU
		{C77B23C2-F5E1-4363-8926-C3A27276FE9E}.Release|Any CPU.ActiveCfg = Release|Any CPU
		{C77B23C2-F5E1-4363-8926-C3A27276FE9E}.Release|Any CPU.Build.0 = Release|Any CPU
	EndGlobalSection
	GlobalSection(SolutionProperties) = preSolution
		HideSolutionNode = FALSE
	EndGlobalSection
	GlobalSection(ExtensibilityGlobals) = postSolution
		SolutionGuid = {9EF1BA2F-7959-438A-A191-68B2B5E8932F}
	EndGlobalSection
EndGlobal
